{
	"name": "securecontext-checker",
	"version": "0.0.2",
	"lockfileVersion": 2,
	"requires": true,
	"packages": {
		"": {
			"name": "securecontext-checker",
			"version": "0.0.2",
			"dependencies": {
				"@webref/idl": "^3.42.4",
				"fdir": "^6.0.1"
			}
		},
		"node_modules/@webref/idl": {
			"version": "3.42.4",
			"resolved": "https://registry.npmjs.org/@webref/idl/-/idl-3.42.4.tgz",
			"integrity": "sha512-AgKtuUh/sO5MjaIioZmIF+BdpBXE0BojgtT2RRLSecI22+XD18Gt+/j6Wf7IQHu6DM7cwiccJj2qw92Kec5AaA==",
			"peerDependencies": {
				"webidl2": "^24.4.1"
			}
		},
		"node_modules/fdir": {
			"version": "6.1.1",
			"resolved": "https://registry.npmjs.org/fdir/-/fdir-6.1.1.tgz",
			"integrity": "sha512-QfKBVg453Dyn3mr0Q0O+Tkr1r79lOTAKSi9f/Ot4+qVEwxWhav2Z+SudrG9vQjM2aYRMQQZ2/Q1zdA8ACM1pDg==",
			"peerDependencies": {
				"picomatch": "3.x"
			},
			"peerDependenciesMeta": {
				"picomatch": {
					"optional": true
				}
			}
		},
		"node_modules/webidl2": {
			"version": "24.4.1",
			"resolved": "https://registry.npmjs.org/webidl2/-/webidl2-24.4.1.tgz",
			"integrity": "sha512-cPToqvZlxTAlaMucZyU28XtFLJz3XPdTdIWK/r3IaP1jfkjqne3OTniJS8DZqfzee1aBUQn80d6s2vYert50kg==",
			"peer": true,
			"engines": {
				"node": ">= 14"
			}
		}
	},
	"dependencies": {
		"@webref/idl": {
			"version": "3.42.4",
			"resolved": "https://registry.npmjs.org/@webref/idl/-/idl-3.42.4.tgz",
			"integrity": "sha512-AgKtuUh/sO5MjaIioZmIF+BdpBXE0BojgtT2RRLSecI22+XD18Gt+/j6Wf7IQHu6DM7cwiccJj2qw92Kec5AaA==",
			"requires": {}
		},
		"fdir": {
			"version": "6.1.1",
			"resolved": "https://registry.npmjs.org/fdir/-/fdir-6.1.1.tgz",
			"integrity": "sha512-QfKBVg453Dyn3mr0Q0O+Tkr1r79lOTAKSi9f/Ot4+qVEwxWhav2Z+SudrG9vQjM2aYRMQQZ2/Q1zdA8ACM1pDg==",
			"requires": {}
		},
		"webidl2": {
			"version": "24.4.1",
			"resolved": "https://registry.npmjs.org/webidl2/-/webidl2-24.4.1.tgz",
			"integrity": "sha512-cPToqvZlxTAlaMucZyU28XtFLJz3XPdTdIWK/r3IaP1jfkjqne3OTniJS8DZqfzee1aBUQn80d6s2vYert50kg==",
			"peer": true
		}
	}
}
